{
  "name": "@writetome51/is-integer-is-float",
  "version": "2.0.0",
  "lockfileVersion": 1,
  "requires": true,
  "dependencies": {
    "@writetome51/is-finite-number": {
      "version": "2.0.0",
      "resolved": "https://registry.npmjs.org/@writetome51/is-finite-number/-/is-finite-number-2.0.0.tgz",
      "integrity": "sha512-mVQxcMuSjRZvG2MxM4KFerGLNuhaeoVR7vC6itSnx/DNTENm0YHPNqh4E7FqjMt94pnis/iwhSnSpKouf88CDA=="
    }
  }
}
